<?xml version="1.0" encoding="utf-8"?>
<Project ToolsVersion="4.0" xmlns="http://schemas.microsoft.com/developer/msbuild/2003">
  <ItemGroup>
    <Filter Include="소스 파일">
      <UniqueIdentifier>{4FC737F1-C7A5-4376-A066-2A32D752A2FF}</UniqueIdentifier>
      <Extensions>cpp;c;cc;cxx;c++;cppm;ixx;def;odl;idl;hpj;bat;asm;asmx</Extensions>
    </Filter>
    <Filter Include="헤더 파일">
      <UniqueIdentifier>{93995380-89BD-4b04-88EB-625FBE52EBFB}</UniqueIdentifier>
      <Extensions>h;hh;hpp;hxx;h++;hm;inl;inc;ipp;xsd</Extensions>
    </Filter>
    <Filter Include="리소스 파일">
      <UniqueIdentifier>{67DA6AB6-F800-4c08-8B7A-83BB121AAD01}</UniqueIdentifier>
      <Extensions>rc;ico;cur;bmp;dlg;rc2;rct;bin;rgs;gif;jpg;jpeg;jpe;resx;tiff;tif;png;wav;mfcribbon-ms</Extensions>
    </Filter>
    <Filter Include="Car">
      <UniqueIdentifier>{3929f927-ebad-4aa5-a6ad-8c72fa27e54f}</UniqueIdentifier>
    </Filter>
    <Filter Include="GameObjects">
      <UniqueIdentifier>{f3e52ae6-95cf-4028-8373-1f344ca74b7b}</UniqueIdentifier>
    </Filter>
    <Filter Include="Manager">
      <UniqueIdentifier>{f3a3f078-ea8b-437e-ab74-c4ccee9b4593}</UniqueIdentifier>
    </Filter>
    <Filter Include="Manager\Scene">
      <UniqueIdentifier>{63f497da-a4a1-44be-9ae1-5422f7617174}</UniqueIdentifier>
    </Filter>
  </ItemGroup>
  <ItemGroup>
    <ClInclude Include="framework.h">
      <Filter>헤더 파일</Filter>
    </ClInclude>
    <ClInclude Include="targetver.h">
      <Filter>헤더 파일</Filter>
    </ClInclude>
    <ClInclude Include="Resource.h">
      <Filter>헤더 파일</Filter>
    </ClInclude>
    <ClInclude Include="KeyInput.h">
      <Filter>소스 파일</Filter>
    </ClInclude>
    <ClInclude Include="CarMK3.h">
      <Filter>Car</Filter>
    </ClInclude>
    <ClInclude Include="Map.h">
      <Filter>소스 파일</Filter>
    </ClInclude>
    <ClInclude Include="ModelObject.h">
      <Filter>GameObjects</Filter>
    </ClInclude>
    <ClInclude Include="Variables.h">
      <Filter>헤더 파일</Filter>
    </ClInclude>
    <ClInclude Include="RaceManager.h">
      <Filter>Manager</Filter>
    </ClInclude>
    <ClInclude Include="GameManager.h">
      <Filter>Manager</Filter>
    </ClInclude>
    <ClInclude Include="ObjectManager.h">
      <Filter>Manager</Filter>
    </ClInclude>
    <ClInclude Include="SoundManager.h">
      <Filter>Manager</Filter>
    </ClInclude>
    <ClInclude Include="SceneManager.h">
      <Filter>Manager</Filter>
    </ClInclude>
    <ClInclude Include="IScene.h">
      <Filter>Manager\Scene</Filter>
    </ClInclude>
    <ClInclude Include="LogoScene.h">
      <Filter>Manager\Scene</Filter>
    </ClInclude>
    <ClInclude Include="TitleScene.h">
      <Filter>Manager\Scene</Filter>
    </ClInclude>
    <ClInclude Include="InGameScene.h">
      <Filter>Manager\Scene</Filter>
    </ClInclude>
    <ClInclude Include="SelectScene.h">
      <Filter>Manager\Scene</Filter>
    </ClInclude>
    <ClInclude Include="CDummy.h">
      <Filter>헤더 파일</Filter>
    </ClInclude>
    <ClInclude Include="ResultScene.h">
      <Filter>Manager\Scene</Filter>
    </ClInclude>
    <ClInclude Include="SettingScene.h">
      <Filter>Manager\Scene</Filter>
    </ClInclude>
    <ClInclude Include="Player.h">
      <Filter>소스 파일</Filter>
    </ClInclude>
    <ClInclude Include="PlayerManager.h">
      <Filter>Manager</Filter>
    </ClInclude>
  </ItemGroup>
  <ItemGroup>
    <ClCompile Include="KeyInput.cpp">
      <Filter>소스 파일</Filter>
    </ClCompile>
    <ClCompile Include="main.cpp">
      <Filter>소스 파일</Filter>
    </ClCompile>
    <ClCompile Include="Map.cpp">
      <Filter>소스 파일</Filter>
    </ClCompile>
    <ClCompile Include="CarMK3.cpp">
      <Filter>Car</Filter>
    </ClCompile>
    <ClCompile Include="ModelObject.cpp">
      <Filter>GameObjects</Filter>
    </ClCompile>
    <ClCompile Include="SceneManager.cpp">
      <Filter>Manager</Filter>
    </ClCompile>
    <ClCompile Include="SoundManager.cpp">
      <Filter>Manager</Filter>
    </ClCompile>
    <ClCompile Include="RaceManager.cpp">
      <Filter>Manager</Filter>
    </ClCompile>
    <ClCompile Include="GameManager.cpp">
      <Filter>Manager</Filter>
    </ClCompile>
    <ClCompile Include="ObjectManager.cpp">
      <Filter>Manager</Filter>
    </ClCompile>
    <ClCompile Include="IScene.cpp">
      <Filter>Manager\Scene</Filter>
    </ClCompile>
    <ClCompile Include="LogoScene.cpp">
      <Filter>Manager\Scene</Filter>
    </ClCompile>
    <ClCompile Include="TitleScene.cpp">
      <Filter>Manager\Scene</Filter>
    </ClCompile>
    <ClCompile Include="SelectScene.cpp">
      <Filter>Manager\Scene</Filter>
    </ClCompile>
    <ClCompile Include="InGameScene.cpp">
      <Filter>Manager\Scene</Filter>
    </ClCompile>
    <ClCompile Include="Player.cpp">
      <Filter>소스 파일</Filter>
    </ClCompile>
    <ClCompile Include="CDummy.cpp">
      <Filter>소스 파일</Filter>
    </ClCompile>
    <ClCompile Include="ResultScene.cpp">
      <Filter>Manager\Scene</Filter>
    </ClCompile>
    <ClCompile Include="SettingScene.cpp">
      <Filter>Manager\Scene</Filter>
    </ClCompile>
    <ClCompile Include="PlayerManager.cpp">
      <Filter>Manager</Filter>
    </ClCompile>
  </ItemGroup>
  <ItemGroup>
    <ResourceCompile Include="CABON_Demo.rc">
      <Filter>리소스 파일</Filter>
    </ResourceCompile>
  </ItemGroup>
  <ItemGroup>
    <Image Include="small.ico">
      <Filter>리소스 파일</Filter>
    </Image>
    <Image Include="CABON_Demo.ico">
      <Filter>리소스 파일</Filter>
    </Image>
  </ItemGroup>
  <ItemGroup>
    <Text Include="DebugKey.txt" />
  </ItemGroup>
</Project>